
Microsoft Visual Studio Solution File, Format Version 12.00
# Visual Studio 15
VisualStudioVersion = 15.0.26730.15
MinimumVisualStudioVersion = 10.0.40219.1
Project("{FAE04EC0-301F-11D3-BF4B-00C04F79EFBC}") = "Lab3New", "Lab3New\Lab3New.csproj", "{9A0FC8EA-2764-4B28-8B4C-006A79366268}"
EndProject
Global
	GlobalSection(SolutionConfigurationPlatforms) = preSolution
		Debug|Any CPU = Debug|Any CPU
		Release|Any CPU = Release|Any CPU
	EndGlobalSection
	GlobalSection(ProjectConfigurationPlatforms) = postSolution
		{9A0FC8EA-2764-4B28-8B4C-006A79366268}.Debug|Any CPU.ActiveCfg = Debug|Any CPU
		{9A0FC8EA-2764-4B28-8B4C-006A79366268}.Debug|Any CPU.Build.0 = Debug|Any CPU
		{9A0FC8EA-2764-4B28-8B4C-006A79366268}.Release|Any CPU.ActiveCfg = Release|Any CPU
		{9A0FC8EA-2764-4B28-8B4C-006A79366268}.Release|Any CPU.Build.0 = Release|Any CPU
	EndGlobalSection
	GlobalSection(SolutionProperties) = preSolution
		HideSolutionNode = FALSE
	EndGlobalSection
	GlobalSection(ExtensibilityGlobals) = postSolution
		SolutionGuid = {4A86CC22-EB27-4298-B23B-94EBCFD42EB6}
	EndGlobalSection
EndGlobal
