
Microsoft Visual Studio Solution File, Format Version 12.00
# Visual Studio 15
VisualStudioVersion = 15.0.26730.15
MinimumVisualStudioVersion = 10.0.40219.1
Project("{FAE04EC0-301F-11D3-BF4B-00C04F79EFBC}") = "Lab9Zadanie", "Lab9Zadanie\Lab9Zadanie.csproj", "{D32022E5-8C08-4272-8E10-B3BE74FE7582}"
EndProject
Global
	GlobalSection(SolutionConfigurationPlatforms) = preSolution
		Debug|Any CPU = Debug|Any CPU
		Release|Any CPU = Release|Any CPU
	EndGlobalSection
	GlobalSection(ProjectConfigurationPlatforms) = postSolution
		{D32022E5-8C08-4272-8E10-B3BE74FE7582}.Debug|Any CPU.ActiveCfg = Debug|Any CPU
		{D32022E5-8C08-4272-8E10-B3BE74FE7582}.Debug|Any CPU.Build.0 = Debug|Any CPU
		{D32022E5-8C08-4272-8E10-B3BE74FE7582}.Release|Any CPU.ActiveCfg = Release|Any CPU
		{D32022E5-8C08-4272-8E10-B3BE74FE7582}.Release|Any CPU.Build.0 = Release|Any CPU
	EndGlobalSection
	GlobalSection(SolutionProperties) = preSolution
		HideSolutionNode = FALSE
	EndGlobalSection
	GlobalSection(ExtensibilityGlobals) = postSolution
		SolutionGuid = {47091275-3665-4368-A092-1C83005EF8CA}
	EndGlobalSection
EndGlobal
