
Microsoft Visual Studio Solution File, Format Version 12.00
# Visual Studio 15
VisualStudioVersion = 15.0.26730.15
MinimumVisualStudioVersion = 10.0.40219.1
Project("{FAE04EC0-301F-11D3-BF4B-00C04F79EFBC}") = "Lab8Zadanie", "Lab8Zadanie\Lab8Zadanie.csproj", "{04ABFBF4-1FDA-44DA-A9B1-F44DEB80650A}"
EndProject
Global
	GlobalSection(SolutionConfigurationPlatforms) = preSolution
		Debug|Any CPU = Debug|Any CPU
		Release|Any CPU = Release|Any CPU
	EndGlobalSection
	GlobalSection(ProjectConfigurationPlatforms) = postSolution
		{04ABFBF4-1FDA-44DA-A9B1-F44DEB80650A}.Debug|Any CPU.ActiveCfg = Debug|Any CPU
		{04ABFBF4-1FDA-44DA-A9B1-F44DEB80650A}.Debug|Any CPU.Build.0 = Debug|Any CPU
		{04ABFBF4-1FDA-44DA-A9B1-F44DEB80650A}.Release|Any CPU.ActiveCfg = Release|Any CPU
		{04ABFBF4-1FDA-44DA-A9B1-F44DEB80650A}.Release|Any CPU.Build.0 = Release|Any CPU
	EndGlobalSection
	GlobalSection(SolutionProperties) = preSolution
		HideSolutionNode = FALSE
	EndGlobalSection
	GlobalSection(ExtensibilityGlobals) = postSolution
		SolutionGuid = {D23BF87A-0B99-4B40-948F-B4F224580242}
	EndGlobalSection
EndGlobal
