
Microsoft Visual Studio Solution File, Format Version 12.00
# Visual Studio 15
VisualStudioVersion = 15.0.26730.15
MinimumVisualStudioVersion = 10.0.40219.1
Project("{FAE04EC0-301F-11D3-BF4B-00C04F79EFBC}") = "Priorities", "Priorities\Priorities.csproj", "{D02CC931-1E3C-4992-B72D-60595818F52D}"
EndProject
Global
	GlobalSection(SolutionConfigurationPlatforms) = preSolution
		Debug|Any CPU = Debug|Any CPU
		Release|Any CPU = Release|Any CPU
	EndGlobalSection
	GlobalSection(ProjectConfigurationPlatforms) = postSolution
		{D02CC931-1E3C-4992-B72D-60595818F52D}.Debug|Any CPU.ActiveCfg = Debug|Any CPU
		{D02CC931-1E3C-4992-B72D-60595818F52D}.Debug|Any CPU.Build.0 = Debug|Any CPU
		{D02CC931-1E3C-4992-B72D-60595818F52D}.Release|Any CPU.ActiveCfg = Release|Any CPU
		{D02CC931-1E3C-4992-B72D-60595818F52D}.Release|Any CPU.Build.0 = Release|Any CPU
	EndGlobalSection
	GlobalSection(SolutionProperties) = preSolution
		HideSolutionNode = FALSE
	EndGlobalSection
	GlobalSection(ExtensibilityGlobals) = postSolution
		SolutionGuid = {B216EA9C-481D-4B21-96AB-0E870B3F9EAD}
	EndGlobalSection
EndGlobal
